
Microsoft Visual Studio Solution File, Format Version 12.00
# Visual Studio Version 16
VisualStudioVersion = 16.0.32228.343
MinimumVisualStudioVersion = 10.0.40219.1
Project("{8BC9CEB8-8B4A-11D0-8D11-00A0C91BC942}") = "Listas-Pilas dinamicas", "Listas-Pilas dinamicas\Listas-Pilas dinamicas.vcxproj", "{B0CFF8ED-0497-4851-BB6B-054A9FCDF114}"
EndProject
Global
	GlobalSection(SolutionConfigurationPlatforms) = preSolution
		Debug|x64 = Debug|x64
		Debug|x86 = Debug|x86
		Release|x64 = Release|x64
		Release|x86 = Release|x86
	EndGlobalSection
	GlobalSection(ProjectConfigurationPlatforms) = postSolution
		{B0CFF8ED-0497-4851-BB6B-054A9FCDF114}.Debug|x64.ActiveCfg = Debug|x64
		{B0CFF8ED-0497-4851-BB6B-054A9FCDF114}.Debug|x64.Build.0 = Debug|x64
		{B0CFF8ED-0497-4851-BB6B-054A9FCDF114}.Debug|x86.ActiveCfg = Debug|Win32
		{B0CFF8ED-0497-4851-BB6B-054A9FCDF114}.Debug|x86.Build.0 = Debug|Win32
		{B0CFF8ED-0497-4851-BB6B-054A9FCDF114}.Release|x64.ActiveCfg = Release|x64
		{B0CFF8ED-0497-4851-BB6B-054A9FCDF114}.Release|x64.Build.0 = Release|x64
		{B0CFF8ED-0497-4851-BB6B-054A9FCDF114}.Release|x86.ActiveCfg = Release|Win32
		{B0CFF8ED-0497-4851-BB6B-054A9FCDF114}.Release|x86.Build.0 = Release|Win32
	EndGlobalSection
	GlobalSection(SolutionProperties) = preSolution
		HideSolutionNode = FALSE
	EndGlobalSection
	GlobalSection(ExtensibilityGlobals) = postSolution
		SolutionGuid = {CC43F762-D9C0-4201-A537-B33EB675A4CE}
	EndGlobalSection
EndGlobal
